<?xml version="1.0" encoding="utf-8"?>
<Project xmlns="http://schemas.microsoft.com/developer/msbuild/2003">
  <ItemGroup>
    <Filter Include="Generated Files">
      <UniqueIdentifier>{71ED8ED8-ACB9-4CE9-BBE1-E00B30144E11}</UniqueIdentifier>
      <Extensions>cpp;c;cxx;moc;h;def;odl;idl;res;</Extensions>
    </Filter>
    <Filter Include="Generated Files">
      <UniqueIdentifier>{71ED8ED8-ACB9-4CE9-BBE1-E00B30144E11}</UniqueIdentifier>
      <Extensions>cpp;c;cxx;moc;h;def;odl;idl;res;</Extensions>
    </Filter>
    <Filter Include="Header Files">
      <UniqueIdentifier>{93995380-89BD-4b04-88EB-625FBE52EBFB}</UniqueIdentifier>
      <Extensions>h;hpp;hxx;hm;inl;inc;xsd</Extensions>
    </Filter>
    <Filter Include="Header Files">
      <UniqueIdentifier>{93995380-89BD-4b04-88EB-625FBE52EBFB}</UniqueIdentifier>
      <Extensions>h;hpp;hxx;hm;inl;inc;xsd</Extensions>
    </Filter>
    <Filter Include="Source Files">
      <UniqueIdentifier>{4FC737F1-C7A5-4376-A066-2A32D752A2FF}</UniqueIdentifier>
      <Extensions>cpp;c;cxx;def;odl;idl;hpj;bat;asm;asmx</Extensions>
    </Filter>
    <Filter Include="Source Files">
      <UniqueIdentifier>{4FC737F1-C7A5-4376-A066-2A32D752A2FF}</UniqueIdentifier>
      <Extensions>cpp;c;cxx;def;odl;idl;hpj;bat;asm;asmx</Extensions>
    </Filter>
    <Filter Include="Resource Files">
      <UniqueIdentifier>{D9D6E242-F8AF-46E4-B9FD-80ECBC20BA3E}</UniqueIdentifier>
      <Extensions>qrc;rc;ico</Extensions>
    </Filter>
  </ItemGroup>
  <ItemGroup>
    <ClCompile Include="..\3rdparty\kcp\ikcp.c">
      <Filter>Source Files</Filter>
    </ClCompile>
    <ClCompile Include="src\core\kcp_tunnel.cpp">
      <Filter>Source Files</Filter>
    </ClCompile>
    <ClCompile Include="src\main.cpp">
      <Filter>Source Files</Filter>
    </ClCompile>
    <ClCompile Include="src\ui\app_settings.cpp">
      <Filter>Source Files</Filter>
    </ClCompile>
    <ClCompile Include="src\ui\mainwindow.cpp">
      <Filter>Source Files</Filter>
    </ClCompile>
    <ClCompile Include="src\ui\modern_tray_menu.cpp">
      <Filter>Source Files</Filter>
    </ClCompile>
    <ClCompile Include="src\core\peer_connection.cpp">
      <Filter>Source Files</Filter>
    </ClCompile>
    <ClCompile Include="src\network\room_manager.cpp">
      <Filter>Source Files</Filter>
    </ClCompile>
    <ClCompile Include="src\ui\roomwidget.cpp">
      <Filter>Source Files</Filter>
    </ClCompile>
    <ClCompile Include="src\network\signal_client.cpp">
      <Filter>Source Files</Filter>
    </ClCompile>
    <ClCompile Include="src\core\tun_adapter.cpp">
      <Filter>Source Files</Filter>
    </ClCompile>
    <ClCompile Include="src\core\tunnel_manager.cpp">
      <Filter>Source Files</Filter>
    </ClCompile>
    <ClCompile Include="src\ui\style_manager.cpp">
      <Filter>Source Files</Filter>
    </ClCompile>
    <ClCompile Include="src\ui\ui_strings.cpp">
      <Filter>Source Files</Filter>
    </ClCompile>
    <ClCompile Include="src\ui\log_manager.cpp">
      <Filter>Source Files</Filter>
    </ClCompile>
    <ClCompile Include="..\3rdparty\monocypher\monocypher.c">
      <Filter>Source Files</Filter>
    </ClCompile>
  </ItemGroup>
  <ItemGroup>
    <ClInclude Include="..\common\byte_buffer.h">
      <Filter>Header Files</Filter>
    </ClInclude>
    <ClInclude Include="..\3rdparty\kcp\ikcp.h">
      <Filter>Header Files</Filter>
    </ClInclude>
    <ClInclude Include="src\ui\app_settings.h">
      <Filter>Header Files</Filter>
    </ClInclude>
    <QtMoc Include="src\core\kcp_tunnel.h">
      <Filter>Header Files</Filter>
    </QtMoc>
    <QtMoc Include="src\ui\mainwindow.h">
      <Filter>Header Files</Filter>
    </QtMoc>
    <QtMoc Include="src\ui\modern_tray_menu.h">
      <Filter>Header Files</Filter>
    </QtMoc>
    <ClInclude Include="..\common\msvc2015_compat.h">
      <Filter>Header Files</Filter>
    </ClInclude>
    <ClInclude Include="..\common\net_common.h">
      <Filter>Header Files</Filter>
    </ClInclude>
    <QtMoc Include="src\core\peer_connection.h">
      <Filter>Header Files</Filter>
    </QtMoc>
    <ClInclude Include="..\common\protocol.h">
      <Filter>Header Files</Filter>
    </ClInclude>
    <QtMoc Include="src\network\room_manager.h">
      <Filter>Header Files</Filter>
    </QtMoc>
    <QtMoc Include="src\ui\roomwidget.h">
      <Filter>Header Files</Filter>
    </QtMoc>
    <QtMoc Include="src\network\signal_client.h">
      <Filter>Header Files</Filter>
    </QtMoc>
    <QtMoc Include="src\core\tun_adapter.h">
      <Filter>Header Files</Filter>
    </QtMoc>
    <QtMoc Include="src\core\tunnel_manager.h">
      <Filter>Header Files</Filter>
    </QtMoc>
    <ClInclude Include="src\ui\style_manager.h">
      <Filter>Header Files</Filter>
    </ClInclude>
    <ClInclude Include="src\ui\ui_strings.h">
      <Filter>Header Files</Filter>
    </ClInclude>
    <QtMoc Include="src\ui\log_manager.h">
      <Filter>Header Files</Filter>
    </QtMoc>
    <ClInclude Include="..\3rdparty\monocypher\monocypher.h">
      <Filter>Header Files</Filter>
    </ClInclude>
    <ClInclude Include="..\common\payload_cipher.h">
      <Filter>Header Files</Filter>
    </ClInclude>
    <ClInclude Include="..\common\secure_frame.h">
      <Filter>Header Files</Filter>
    </ClInclude>
  </ItemGroup>
  <ItemGroup>










    <CustomBuild Include="debug\moc_predefs.h.cbt">
      <Filter>Generated Files</Filter>
    </CustomBuild>
    <CustomBuild Include="release\moc_predefs.h.cbt">
      <Filter>Generated Files</Filter>
    </CustomBuild>










  </ItemGroup>
  <ItemGroup>
    <QtRcc Include="resources\resources.qrc">
      <Filter>Resource Files</Filter>
    </QtRcc>
  </ItemGroup>
  <ItemGroup>
    <ResourceCompile Include="resources\app.rc">
      <Filter>Resource Files</Filter>
    </ResourceCompile>
  </ItemGroup>
</Project>
